
Microsoft Visual Studio Solution File, Format Version 12.00
# Visual Studio Version 16
VisualStudioVersion = 16.0.28407.52
MinimumVisualStudioVersion = 10.0.40219.1
Project("{9A19103F-16F7-4668-BE54-9A1E7A4F7556}") = "NetUtilities", "NetUtilities\NetUtilities.csproj", "{826A69FD-54DD-4382-AA03-BDE78C2B8DBB}"
EndProject
Project("{9A19103F-16F7-4668-BE54-9A1E7A4F7556}") = "NetUtilities.Tests", "tests\NetUtilities.Tests\NetUtilities.Tests.csproj", "{B4160C47-79CD-42A1-8325-A1FFD1B8489C}"
EndProject
Project("{FAE04EC0-301F-11D3-BF4B-00C04F79EFBC}") = "NetUtilities.Benchmarks", "NetUtilities.Benchmarks\NetUtilities.Benchmarks.csproj", "{C9AE9FEB-B75F-4667-80B3-94AB60F978CE}"
EndProject
Global
	GlobalSection(SolutionConfigurationPlatforms) = preSolution
		Debug|Any CPU = Debug|Any CPU
		Release|Any CPU = Release|Any CPU
	EndGlobalSection
	GlobalSection(ProjectConfigurationPlatforms) = postSolution
		{826A69FD-54DD-4382-AA03-BDE78C2B8DBB}.Debug|Any CPU.ActiveCfg = Debug|Any CPU
		{826A69FD-54DD-4382-AA03-BDE78C2B8DBB}.Debug|Any CPU.Build.0 = Debug|Any CPU
		{826A69FD-54DD-4382-AA03-BDE78C2B8DBB}.Release|Any CPU.ActiveCfg = Release|Any CPU
		{826A69FD-54DD-4382-AA03-BDE78C2B8DBB}.Release|Any CPU.Build.0 = Release|Any CPU
		{B4160C47-79CD-42A1-8325-A1FFD1B8489C}.Debug|Any CPU.ActiveCfg = Debug|Any CPU
		{B4160C47-79CD-42A1-8325-A1FFD1B8489C}.Debug|Any CPU.Build.0 = Debug|Any CPU
		{B4160C47-79CD-42A1-8325-A1FFD1B8489C}.Release|Any CPU.ActiveCfg = Release|Any CPU
		{B4160C47-79CD-42A1-8325-A1FFD1B8489C}.Release|Any CPU.Build.0 = Release|Any CPU
		{C9AE9FEB-B75F-4667-80B3-94AB60F978CE}.Debug|Any CPU.ActiveCfg = Debug|Any CPU
		{C9AE9FEB-B75F-4667-80B3-94AB60F978CE}.Debug|Any CPU.Build.0 = Debug|Any CPU
		{C9AE9FEB-B75F-4667-80B3-94AB60F978CE}.Release|Any CPU.ActiveCfg = Release|Any CPU
		{C9AE9FEB-B75F-4667-80B3-94AB60F978CE}.Release|Any CPU.Build.0 = Release|Any CPU
	EndGlobalSection
	GlobalSection(SolutionProperties) = preSolution
		HideSolutionNode = FALSE
	EndGlobalSection
	GlobalSection(ExtensibilityGlobals) = postSolution
		SolutionGuid = {F98F8F88-595F-41EF-8D3D-44BB42E52A60}
	EndGlobalSection
EndGlobal
